github.com/dustin/go-broadcast v0.0.0-20211018055107-71439988bd91 h1:jAUM3D1KIrJmwx60DKB+a/qqM69yHnu6otDGVa2t0vs=
github.com/dustin/go-broadcast v0.0.0-20211018055107-71439988bd91/go.mod h1:8rK6Kbo1Jd6sK22b24aPVgAm3jlNy1q1ft+lBALdIqA=
github.com/teivah/broadcast v0.1.0 h1:UMs1tn8w20Xlnod+VbLbwH3dzEH2zfJy4lxdzZjQLL0=
github.com/teivah/broadcast v0.1.0/go.mod h1:mXEgvXdYz2xUkQFARxI+jyX1MfCBwMDiGjIKSAsEq1g=
